
Microsoft Visual Studio Solution File, Format Version 12.00
# Visual Studio Version 16
VisualStudioVersion = 16.0.30523.141
MinimumVisualStudioVersion = 10.0.40219.1
Project("{FAE04EC0-301F-11D3-BF4B-00C04F79EFBC}") = "ThirdPartyLibrary", "ThirdPartyLibrary\ThirdPartyLibrary.csproj", "{DACA42C6-E483-4BFD-83C3-70ACA964B531}"
EndProject
Global
	GlobalSection(SolutionConfigurationPlatforms) = preSolution
		Debug|Any CPU = Debug|Any CPU
		Release|Any CPU = Release|Any CPU
	EndGlobalSection
	GlobalSection(ProjectConfigurationPlatforms) = postSolution
		{DACA42C6-E483-4BFD-83C3-70ACA964B531}.Debug|Any CPU.ActiveCfg = Debug|Any CPU
		{DACA42C6-E483-4BFD-83C3-70ACA964B531}.Debug|Any CPU.Build.0 = Debug|Any CPU
		{DACA42C6-E483-4BFD-83C3-70ACA964B531}.Release|Any CPU.ActiveCfg = Release|Any CPU
		{DACA42C6-E483-4BFD-83C3-70ACA964B531}.Release|Any CPU.Build.0 = Release|Any CPU
	EndGlobalSection
	GlobalSection(SolutionProperties) = preSolution
		HideSolutionNode = FALSE
	EndGlobalSection
	GlobalSection(ExtensibilityGlobals) = postSolution
		SolutionGuid = {553D1C64-8832-494A-ADF6-31F4DCF18405}
	EndGlobalSection
EndGlobal
